
Microsoft Visual Studio Solution File, Format Version 12.00
# Visual Studio Version 18
VisualStudioVersion = 18.0.11201.2
MinimumVisualStudioVersion = 10.0.40219.1
Project("{9A19103F-16F7-4668-BE54-9A1E7A4F7556}") = "Neo.CLI", "src\Neo.CLI\Neo.CLI.csproj", "{900CA179-AEF0-43F3-9833-5DB060272D8E}"
EndProject
Project("{9A19103F-16F7-4668-BE54-9A1E7A4F7556}") = "Neo.GUI", "src\Neo.GUI\Neo.GUI.csproj", "{1CF672B6-B5A1-47D2-8CE9-C54BC05FA6E7}"
EndProject
Project("{9A19103F-16F7-4668-BE54-9A1E7A4F7556}") = "Neo.ConsoleService.Tests", "tests\Neo.ConsoleService.Tests\Neo.ConsoleService.Tests.csproj", "{CC845558-D7C2-412D-8014-15699DFBA530}"
EndProject
Project("{9A19103F-16F7-4668-BE54-9A1E7A4F7556}") = "Neo.ConsoleService", "src\Neo.ConsoleService\Neo.ConsoleService.csproj", "{8D2BC669-11AC-42DB-BE75-FD53FA2475C6}"
EndProject
Project("{2150E333-8FDC-42A3-9474-1A3956D46DE8}") = "tests", "tests", "{62F4DC79-BE3D-4E60-B402-8D5F9C4BB2D9}"
EndProject
Project("{2150E333-8FDC-42A3-9474-1A3956D46DE8}") = "src", "src", "{705EBADA-05F7-45D1-9D63-D399E87525DB}"
EndProject
Project("{2150E333-8FDC-42A3-9474-1A3956D46DE8}") = "plugins", "plugins", "{876880F3-B389-4388-B3A4-00E6F2581D52}"
EndProject
Project("{FAE04EC0-301F-11D3-BF4B-00C04F79EFBC}") = "Neo.CLI.Tests", "tests\Neo.CLI.Tests\Neo.CLI.Tests.csproj", "{B12C3400-F3E0-DDEF-D272-4C2FF1FF2E8B}"
EndProject
Project("{FAE04EC0-301F-11D3-BF4B-00C04F79EFBC}") = "ApplicationLogs", "plugins\ApplicationLogs\ApplicationLogs.csproj", "{CD0F1C4D-977C-8B51-A623-083D15776E5E}"
EndProject
Project("{FAE04EC0-301F-11D3-BF4B-00C04F79EFBC}") = "DBFTPlugin", "plugins\DBFTPlugin\DBFTPlugin.csproj", "{538500ED-2C8B-3174-BA9C-98A35024F32B}"
EndProject
Project("{FAE04EC0-301F-11D3-BF4B-00C04F79EFBC}") = "LevelDBStore", "plugins\LevelDBStore\LevelDBStore.csproj", "{7129EDEA-C8B3-E574-C1FB-C58226873860}"
EndProject
Project("{FAE04EC0-301F-11D3-BF4B-00C04F79EFBC}") = "MPTTrie", "plugins\MPTTrie\MPTTrie.csproj", "{D554C319-B2F5-8F95-C29C-2EACC34F7FC7}"
EndProject
Project("{FAE04EC0-301F-11D3-BF4B-00C04F79EFBC}") = "OracleService", "plugins\OracleService\OracleService.csproj", "{13243D40-CC80-7017-7C4B-898B07AA67EA}"
EndProject
Project("{FAE04EC0-301F-11D3-BF4B-00C04F79EFBC}") = "RestServer", "plugins\RestServer\RestServer.csproj", "{FF12A836-AE0D-A788-C6A8-15F020597130}"
EndProject
Project("{FAE04EC0-301F-11D3-BF4B-00C04F79EFBC}") = "RocksDBStore", "plugins\RocksDBStore\RocksDBStore.csproj", "{E6E8300F-3A1C-8A89-E44B-1DE8AA3F2D34}"
EndProject
Project("{FAE04EC0-301F-11D3-BF4B-00C04F79EFBC}") = "RpcClient", "plugins\RpcClient\RpcClient.csproj", "{1F8D9015-2CE7-9F58-9F4B-94D0924FA82E}"
EndProject
Project("{FAE04EC0-301F-11D3-BF4B-00C04F79EFBC}") = "RpcServer", "plugins\RpcServer\RpcServer.csproj", "{295FE1B7-BFBF-3390-3080-997DAF8EFE80}"
EndProject
Project("{FAE04EC0-301F-11D3-BF4B-00C04F79EFBC}") = "SignClient", "plugins\SignClient\SignClient.csproj", "{A2CF46E9-C584-9E94-7BF9-38C33F83795E}"
EndProject
Project("{FAE04EC0-301F-11D3-BF4B-00C04F79EFBC}") = "SQLiteWallet", "plugins\SQLiteWallet\SQLiteWallet.csproj", "{24DA3784-5D2E-648F-771E-193CF0B3D6FF}"
EndProject
Project("{FAE04EC0-301F-11D3-BF4B-00C04F79EFBC}") = "StateService", "plugins\StateService\StateService.csproj", "{C0327365-D644-C32A-1AEF-B7004899339B}"
EndProject
Project("{FAE04EC0-301F-11D3-BF4B-00C04F79EFBC}") = "StorageDumper", "plugins\StorageDumper\StorageDumper.csproj", "{6D1FE94A-0769-61C6-D870-B32919AE3881}"
EndProject
Project("{FAE04EC0-301F-11D3-BF4B-00C04F79EFBC}") = "TokensTracker", "plugins\TokensTracker\TokensTracker.csproj", "{AF8E770D-07F7-CD2A-6F59-88A5AC52EC34}"
EndProject
Project("{FAE04EC0-301F-11D3-BF4B-00C04F79EFBC}") = "Neo.Cryptography.MPTTrie.Tests", "tests\Neo.Cryptography.MPTTrie.Tests\Neo.Cryptography.MPTTrie.Tests.csproj", "{1A6EB5BA-2FCD-3056-1C01-FC6FA24EF09C}"
EndProject
Project("{FAE04EC0-301F-11D3-BF4B-00C04F79EFBC}") = "Neo.Network.RPC.Tests", "tests\Neo.Network.RPC.Tests\Neo.Network.RPC.Tests.csproj", "{60E16A49-06EB-6F80-7228-21A7793B8250}"
EndProject
Project("{FAE04EC0-301F-11D3-BF4B-00C04F79EFBC}") = "Neo.Plugins.ApplicationLogs.Tests", "tests\Neo.Plugins.ApplicationLogs.Tests\Neo.Plugins.ApplicationLogs.Tests.csproj", "{8C5DFE38-01CC-DF44-54DF-D2D67D5AB30E}"
EndProject
Project("{FAE04EC0-301F-11D3-BF4B-00C04F79EFBC}") = "Neo.Plugins.DBFTPlugin.Tests", "tests\Neo.Plugins.DBFTPlugin.Tests\Neo.Plugins.DBFTPlugin.Tests.csproj", "{5B0634E5-484B-E9F7-02D5-F97D36BE88EF}"
EndProject
Project("{FAE04EC0-301F-11D3-BF4B-00C04F79EFBC}") = "Neo.Plugins.OracleService.Tests", "tests\Neo.Plugins.OracleService.Tests\Neo.Plugins.OracleService.Tests.csproj", "{6B77BE88-212C-D04B-3C5A-169E38443777}"
EndProject
Project("{FAE04EC0-301F-11D3-BF4B-00C04F79EFBC}") = "Neo.Plugins.RestServer.Tests", "tests\Neo.Plugins.RestServer.Tests\Neo.Plugins.RestServer.Tests.csproj", "{A7FE2B30-11F8-E88D-D5BF-AF1B11EFEC8E}"
EndProject
Project("{FAE04EC0-301F-11D3-BF4B-00C04F79EFBC}") = "Neo.Plugins.RpcServer.Tests", "tests\Neo.Plugins.RpcServer.Tests\Neo.Plugins.RpcServer.Tests.csproj", "{D65E9D81-A7B0-696C-11F1-E923CAD972B3}"
EndProject
Project("{FAE04EC0-301F-11D3-BF4B-00C04F79EFBC}") = "Neo.Plugins.SignClient.Tests", "tests\Neo.Plugins.SignClient.Tests\Neo.Plugins.SignClient.Tests.csproj", "{F1088B9A-BEE5-CB9D-8B6B-70CE4CAD8E46}"
EndProject
Project("{FAE04EC0-301F-11D3-BF4B-00C04F79EFBC}") = "Neo.Plugins.SQLiteWallet.Tests", "tests\Neo.Plugins.SQLiteWallet.Tests\Neo.Plugins.SQLiteWallet.Tests.csproj", "{099504A6-0275-8DA3-D52C-06726AD8E77D}"
EndProject
Project("{FAE04EC0-301F-11D3-BF4B-00C04F79EFBC}") = "Neo.Plugins.StateService.Tests", "tests\Neo.Plugins.StateService.Tests\Neo.Plugins.StateService.Tests.csproj", "{834D4327-7DDF-4D6A-1624-B074700964F0}"
EndProject
Project("{FAE04EC0-301F-11D3-BF4B-00C04F79EFBC}") = "Neo.Plugins.Storage.Tests", "tests\Neo.Plugins.Storage.Tests\Neo.Plugins.Storage.Tests.csproj", "{52D6F4D3-8AC9-DEA4-1D6F-FAF6943EE3D9}"
EndProject
Global
	GlobalSection(SolutionConfigurationPlatforms) = preSolution
		Debug|Any CPU = Debug|Any CPU
		Release|Any CPU = Release|Any CPU
	EndGlobalSection
	GlobalSection(ProjectConfigurationPlatforms) = postSolution
		{900CA179-AEF0-43F3-9833-5DB060272D8E}.Debug|Any CPU.ActiveCfg = Debug|Any CPU
		{900CA179-AEF0-43F3-9833-5DB060272D8E}.Debug|Any CPU.Build.0 = Debug|Any CPU
		{900CA179-AEF0-43F3-9833-5DB060272D8E}.Release|Any CPU.ActiveCfg = Release|Any CPU
		{900CA179-AEF0-43F3-9833-5DB060272D8E}.Release|Any CPU.Build.0 = Release|Any CPU
		{1CF672B6-B5A1-47D2-8CE9-C54BC05FA6E7}.Debug|Any CPU.ActiveCfg = Debug|Any CPU
		{1CF672B6-B5A1-47D2-8CE9-C54BC05FA6E7}.Debug|Any CPU.Build.0 = Debug|Any CPU
		{1CF672B6-B5A1-47D2-8CE9-C54BC05FA6E7}.Release|Any CPU.ActiveCfg = Release|Any CPU
		{1CF672B6-B5A1-47D2-8CE9-C54BC05FA6E7}.Release|Any CPU.Build.0 = Release|Any CPU
		{CC845558-D7C2-412D-8014-15699DFBA530}.Debug|Any CPU.ActiveCfg = Debug|Any CPU
		{CC845558-D7C2-412D-8014-15699DFBA530}.Debug|Any CPU.Build.0 = Debug|Any CPU
		{CC845558-D7C2-412D-8014-15699DFBA530}.Release|Any CPU.ActiveCfg = Release|Any CPU
		{CC845558-D7C2-412D-8014-15699DFBA530}.Release|Any CPU.Build.0 = Release|Any CPU
		{8D2BC669-11AC-42DB-BE75-FD53FA2475C6}.Debug|Any CPU.ActiveCfg = Debug|Any CPU
		{8D2BC669-11AC-42DB-BE75-FD53FA2475C6}.Debug|Any CPU.Build.0 = Debug|Any CPU
		{8D2BC669-11AC-42DB-BE75-FD53FA2475C6}.Release|Any CPU.ActiveCfg = Release|Any CPU
		{8D2BC669-11AC-42DB-BE75-FD53FA2475C6}.Release|Any CPU.Build.0 = Release|Any CPU
		{B12C3400-F3E0-DDEF-D272-4C2FF1FF2E8B}.Debug|Any CPU.ActiveCfg = Debug|Any CPU
		{B12C3400-F3E0-DDEF-D272-4C2FF1FF2E8B}.Debug|Any CPU.Build.0 = Debug|Any CPU
		{B12C3400-F3E0-DDEF-D272-4C2FF1FF2E8B}.Release|Any CPU.ActiveCfg = Release|Any CPU
		{B12C3400-F3E0-DDEF-D272-4C2FF1FF2E8B}.Release|Any CPU.Build.0 = Release|Any CPU
		{CD0F1C4D-977C-8B51-A623-083D15776E5E}.Debug|Any CPU.ActiveCfg = Debug|Any CPU
		{CD0F1C4D-977C-8B51-A623-083D15776E5E}.Debug|Any CPU.Build.0 = Debug|Any CPU
		{CD0F1C4D-977C-8B51-A623-083D15776E5E}.Release|Any CPU.ActiveCfg = Release|Any CPU
		{CD0F1C4D-977C-8B51-A623-083D15776E5E}.Release|Any CPU.Build.0 = Release|Any CPU
		{538500ED-2C8B-3174-BA9C-98A35024F32B}.Debug|Any CPU.ActiveCfg = Debug|Any CPU
		{538500ED-2C8B-3174-BA9C-98A35024F32B}.Debug|Any CPU.Build.0 = Debug|Any CPU
		{538500ED-2C8B-3174-BA9C-98A35024F32B}.Release|Any CPU.ActiveCfg = Release|Any CPU
		{538500ED-2C8B-3174-BA9C-98A35024F32B}.Release|Any CPU.Build.0 = Release|Any CPU
		{7129EDEA-C8B3-E574-C1FB-C58226873860}.Debug|Any CPU.ActiveCfg = Debug|Any CPU
		{7129EDEA-C8B3-E574-C1FB-C58226873860}.Debug|Any CPU.Build.0 = Debug|Any CPU
		{7129EDEA-C8B3-E574-C1FB-C58226873860}.Release|Any CPU.ActiveCfg = Release|Any CPU
		{7129EDEA-C8B3-E574-C1FB-C58226873860}.Release|Any CPU.Build.0 = Release|Any CPU
		{D554C319-B2F5-8F95-C29C-2EACC34F7FC7}.Debug|Any CPU.ActiveCfg = Debug|Any CPU
		{D554C319-B2F5-8F95-C29C-2EACC34F7FC7}.Debug|Any CPU.Build.0 = Debug|Any CPU
		{D554C319-B2F5-8F95-C29C-2EACC34F7FC7}.Release|Any CPU.ActiveCfg = Release|Any CPU
		{D554C319-B2F5-8F95-C29C-2EACC34F7FC7}.Release|Any CPU.Build.0 = Release|Any CPU
		{13243D40-CC80-7017-7C4B-898B07AA67EA}.Debug|Any CPU.ActiveCfg = Debug|Any CPU
		{13243D40-CC80-7017-7C4B-898B07AA67EA}.Debug|Any CPU.Build.0 = Debug|Any CPU
		{13243D40-CC80-7017-7C4B-898B07AA67EA}.Release|Any CPU.ActiveCfg = Release|Any CPU
		{13243D40-CC80-7017-7C4B-898B07AA67EA}.Release|Any CPU.Build.0 = Release|Any CPU
		{FF12A836-AE0D-A788-C6A8-15F020597130}.Debug|Any CPU.ActiveCfg = Debug|Any CPU
		{FF12A836-AE0D-A788-C6A8-15F020597130}.Debug|Any CPU.Build.0 = Debug|Any CPU
		{FF12A836-AE0D-A788-C6A8-15F020597130}.Release|Any CPU.ActiveCfg = Release|Any CPU
		{FF12A836-AE0D-A788-C6A8-15F020597130}.Release|Any CPU.Build.0 = Release|Any CPU
		{E6E8300F-3A1C-8A89-E44B-1DE8AA3F2D34}.Debug|Any CPU.ActiveCfg = Debug|Any CPU
		{E6E8300F-3A1C-8A89-E44B-1DE8AA3F2D34}.Debug|Any CPU.Build.0 = Debug|Any CPU
		{E6E8300F-3A1C-8A89-E44B-1DE8AA3F2D34}.Release|Any CPU.ActiveCfg = Release|Any CPU
		{E6E8300F-3A1C-8A89-E44B-1DE8AA3F2D34}.Release|Any CPU.Build.0 = Release|Any CPU
		{1F8D9015-2CE7-9F58-9F4B-94D0924FA82E}.Debug|Any CPU.ActiveCfg = Debug|Any CPU
		{1F8D9015-2CE7-9F58-9F4B-94D0924FA82E}.Debug|Any CPU.Build.0 = Debug|Any CPU
		{1F8D9015-2CE7-9F58-9F4B-94D0924FA82E}.Release|Any CPU.ActiveCfg = Release|Any CPU
		{1F8D9015-2CE7-9F58-9F4B-94D0924FA82E}.Release|Any CPU.Build.0 = Release|Any CPU
		{295FE1B7-BFBF-3390-3080-997DAF8EFE80}.Debug|Any CPU.ActiveCfg = Debug|Any CPU
		{295FE1B7-BFBF-3390-3080-997DAF8EFE80}.Debug|Any CPU.Build.0 = Debug|Any CPU
		{295FE1B7-BFBF-3390-3080-997DAF8EFE80}.Release|Any CPU.ActiveCfg = Release|Any CPU
		{295FE1B7-BFBF-3390-3080-997DAF8EFE80}.Release|Any CPU.Build.0 = Release|Any CPU
		{A2CF46E9-C584-9E94-7BF9-38C33F83795E}.Debug|Any CPU.ActiveCfg = Debug|Any CPU
		{A2CF46E9-C584-9E94-7BF9-38C33F83795E}.Debug|Any CPU.Build.0 = Debug|Any CPU
		{A2CF46E9-C584-9E94-7BF9-38C33F83795E}.Release|Any CPU.ActiveCfg = Release|Any CPU
		{A2CF46E9-C584-9E94-7BF9-38C33F83795E}.Release|Any CPU.Build.0 = Release|Any CPU
		{24DA3784-5D2E-648F-771E-193CF0B3D6FF}.Debug|Any CPU.ActiveCfg = Debug|Any CPU
		{24DA3784-5D2E-648F-771E-193CF0B3D6FF}.Debug|Any CPU.Build.0 = Debug|Any CPU
		{24DA3784-5D2E-648F-771E-193CF0B3D6FF}.Release|Any CPU.ActiveCfg = Release|Any CPU
		{24DA3784-5D2E-648F-771E-193CF0B3D6FF}.Release|Any CPU.Build.0 = Release|Any CPU
		{C0327365-D644-C32A-1AEF-B7004899339B}.Debug|Any CPU.ActiveCfg = Debug|Any CPU
		{C0327365-D644-C32A-1AEF-B7004899339B}.Debug|Any CPU.Build.0 = Debug|Any CPU
		{C0327365-D644-C32A-1AEF-B7004899339B}.Release|Any CPU.ActiveCfg = Release|Any CPU
		{C0327365-D644-C32A-1AEF-B7004899339B}.Release|Any CPU.Build.0 = Release|Any CPU
		{6D1FE94A-0769-61C6-D870-B32919AE3881}.Debug|Any CPU.ActiveCfg = Debug|Any CPU
		{6D1FE94A-0769-61C6-D870-B32919AE3881}.Debug|Any CPU.Build.0 = Debug|Any CPU
		{6D1FE94A-0769-61C6-D870-B32919AE3881}.Release|Any CPU.ActiveCfg = Release|Any CPU
		{6D1FE94A-0769-61C6-D870-B32919AE3881}.Release|Any CPU.Build.0 = Release|Any CPU
		{AF8E770D-07F7-CD2A-6F59-88A5AC52EC34}.Debug|Any CPU.ActiveCfg = Debug|Any CPU
		{AF8E770D-07F7-CD2A-6F59-88A5AC52EC34}.Debug|Any CPU.Build.0 = Debug|Any CPU
		{AF8E770D-07F7-CD2A-6F59-88A5AC52EC34}.Release|Any CPU.ActiveCfg = Release|Any CPU
		{AF8E770D-07F7-CD2A-6F59-88A5AC52EC34}.Release|Any CPU.Build.0 = Release|Any CPU
		{1A6EB5BA-2FCD-3056-1C01-FC6FA24EF09C}.Debug|Any CPU.ActiveCfg = Debug|Any CPU
		{1A6EB5BA-2FCD-3056-1C01-FC6FA24EF09C}.Debug|Any CPU.Build.0 = Debug|Any CPU
		{1A6EB5BA-2FCD-3056-1C01-FC6FA24EF09C}.Release|Any CPU.ActiveCfg = Release|Any CPU
		{1A6EB5BA-2FCD-3056-1C01-FC6FA24EF09C}.Release|Any CPU.Build.0 = Release|Any CPU
		{60E16A49-06EB-6F80-7228-21A7793B8250}.Debug|Any CPU.ActiveCfg = Debug|Any CPU
		{60E16A49-06EB-6F80-7228-21A7793B8250}.Debug|Any CPU.Build.0 = Debug|Any CPU
		{60E16A49-06EB-6F80-7228-21A7793B8250}.Release|Any CPU.ActiveCfg = Release|Any CPU
		{60E16A49-06EB-6F80-7228-21A7793B8250}.Release|Any CPU.Build.0 = Release|Any CPU
		{8C5DFE38-01CC-DF44-54DF-D2D67D5AB30E}.Debug|Any CPU.ActiveCfg = Debug|Any CPU
		{8C5DFE38-01CC-DF44-54DF-D2D67D5AB30E}.Debug|Any CPU.Build.0 = Debug|Any CPU
		{8C5DFE38-01CC-DF44-54DF-D2D67D5AB30E}.Release|Any CPU.ActiveCfg = Release|Any CPU
		{8C5DFE38-01CC-DF44-54DF-D2D67D5AB30E}.Release|Any CPU.Build.0 = Release|Any CPU
		{5B0634E5-484B-E9F7-02D5-F97D36BE88EF}.Debug|Any CPU.ActiveCfg = Debug|Any CPU
		{5B0634E5-484B-E9F7-02D5-F97D36BE88EF}.Debug|Any CPU.Build.0 = Debug|Any CPU
		{5B0634E5-484B-E9F7-02D5-F97D36BE88EF}.Release|Any CPU.ActiveCfg = Release|Any CPU
		{5B0634E5-484B-E9F7-02D5-F97D36BE88EF}.Release|Any CPU.Build.0 = Release|Any CPU
		{6B77BE88-212C-D04B-3C5A-169E38443777}.Debug|Any CPU.ActiveCfg = Debug|Any CPU
		{6B77BE88-212C-D04B-3C5A-169E38443777}.Debug|Any CPU.Build.0 = Debug|Any CPU
		{6B77BE88-212C-D04B-3C5A-169E38443777}.Release|Any CPU.ActiveCfg = Release|Any CPU
		{6B77BE88-212C-D04B-3C5A-169E38443777}.Release|Any CPU.Build.0 = Release|Any CPU
		{A7FE2B30-11F8-E88D-D5BF-AF1B11EFEC8E}.Debug|Any CPU.ActiveCfg = Debug|Any CPU
		{A7FE2B30-11F8-E88D-D5BF-AF1B11EFEC8E}.Debug|Any CPU.Build.0 = Debug|Any CPU
		{A7FE2B30-11F8-E88D-D5BF-AF1B11EFEC8E}.Release|Any CPU.ActiveCfg = Release|Any CPU
		{A7FE2B30-11F8-E88D-D5BF-AF1B11EFEC8E}.Release|Any CPU.Build.0 = Release|Any CPU
		{D65E9D81-A7B0-696C-11F1-E923CAD972B3}.Debug|Any CPU.ActiveCfg = Debug|Any CPU
		{D65E9D81-A7B0-696C-11F1-E923CAD972B3}.Debug|Any CPU.Build.0 = Debug|Any CPU
		{D65E9D81-A7B0-696C-11F1-E923CAD972B3}.Release|Any CPU.ActiveCfg = Release|Any CPU
		{D65E9D81-A7B0-696C-11F1-E923CAD972B3}.Release|Any CPU.Build.0 = Release|Any CPU
		{F1088B9A-BEE5-CB9D-8B6B-70CE4CAD8E46}.Debug|Any CPU.ActiveCfg = Debug|Any CPU
		{F1088B9A-BEE5-CB9D-8B6B-70CE4CAD8E46}.Debug|Any CPU.Build.0 = Debug|Any CPU
		{F1088B9A-BEE5-CB9D-8B6B-70CE4CAD8E46}.Release|Any CPU.ActiveCfg = Release|Any CPU
		{F1088B9A-BEE5-CB9D-8B6B-70CE4CAD8E46}.Release|Any CPU.Build.0 = Release|Any CPU
		{099504A6-0275-8DA3-D52C-06726AD8E77D}.Debug|Any CPU.ActiveCfg = Debug|Any CPU
		{099504A6-0275-8DA3-D52C-06726AD8E77D}.Debug|Any CPU.Build.0 = Debug|Any CPU
		{099504A6-0275-8DA3-D52C-06726AD8E77D}.Release|Any CPU.ActiveCfg = Release|Any CPU
		{099504A6-0275-8DA3-D52C-06726AD8E77D}.Release|Any CPU.Build.0 = Release|Any CPU
		{834D4327-7DDF-4D6A-1624-B074700964F0}.Debug|Any CPU.ActiveCfg = Debug|Any CPU
		{834D4327-7DDF-4D6A-1624-B074700964F0}.Debug|Any CPU.Build.0 = Debug|Any CPU
		{834D4327-7DDF-4D6A-1624-B074700964F0}.Release|Any CPU.ActiveCfg = Release|Any CPU
		{834D4327-7DDF-4D6A-1624-B074700964F0}.Release|Any CPU.Build.0 = Release|Any CPU
		{52D6F4D3-8AC9-DEA4-1D6F-FAF6943EE3D9}.Debug|Any CPU.ActiveCfg = Debug|Any CPU
		{52D6F4D3-8AC9-DEA4-1D6F-FAF6943EE3D9}.Debug|Any CPU.Build.0 = Debug|Any CPU
		{52D6F4D3-8AC9-DEA4-1D6F-FAF6943EE3D9}.Release|Any CPU.ActiveCfg = Release|Any CPU
		{52D6F4D3-8AC9-DEA4-1D6F-FAF6943EE3D9}.Release|Any CPU.Build.0 = Release|Any CPU
	EndGlobalSection
	GlobalSection(SolutionProperties) = preSolution
		HideSolutionNode = FALSE
	EndGlobalSection
	GlobalSection(NestedProjects) = preSolution
		{900CA179-AEF0-43F3-9833-5DB060272D8E} = {705EBADA-05F7-45D1-9D63-D399E87525DB}
		{1CF672B6-B5A1-47D2-8CE9-C54BC05FA6E7} = {705EBADA-05F7-45D1-9D63-D399E87525DB}
		{CC845558-D7C2-412D-8014-15699DFBA530} = {62F4DC79-BE3D-4E60-B402-8D5F9C4BB2D9}
		{8D2BC669-11AC-42DB-BE75-FD53FA2475C6} = {705EBADA-05F7-45D1-9D63-D399E87525DB}
		{B12C3400-F3E0-DDEF-D272-4C2FF1FF2E8B} = {62F4DC79-BE3D-4E60-B402-8D5F9C4BB2D9}
		{CD0F1C4D-977C-8B51-A623-083D15776E5E} = {876880F3-B389-4388-B3A4-00E6F2581D52}
		{538500ED-2C8B-3174-BA9C-98A35024F32B} = {876880F3-B389-4388-B3A4-00E6F2581D52}
		{7129EDEA-C8B3-E574-C1FB-C58226873860} = {876880F3-B389-4388-B3A4-00E6F2581D52}
		{D554C319-B2F5-8F95-C29C-2EACC34F7FC7} = {876880F3-B389-4388-B3A4-00E6F2581D52}
		{13243D40-CC80-7017-7C4B-898B07AA67EA} = {876880F3-B389-4388-B3A4-00E6F2581D52}
		{FF12A836-AE0D-A788-C6A8-15F020597130} = {876880F3-B389-4388-B3A4-00E6F2581D52}
		{E6E8300F-3A1C-8A89-E44B-1DE8AA3F2D34} = {876880F3-B389-4388-B3A4-00E6F2581D52}
		{1F8D9015-2CE7-9F58-9F4B-94D0924FA82E} = {876880F3-B389-4388-B3A4-00E6F2581D52}
		{295FE1B7-BFBF-3390-3080-997DAF8EFE80} = {876880F3-B389-4388-B3A4-00E6F2581D52}
		{A2CF46E9-C584-9E94-7BF9-38C33F83795E} = {876880F3-B389-4388-B3A4-00E6F2581D52}
		{24DA3784-5D2E-648F-771E-193CF0B3D6FF} = {876880F3-B389-4388-B3A4-00E6F2581D52}
		{C0327365-D644-C32A-1AEF-B7004899339B} = {876880F3-B389-4388-B3A4-00E6F2581D52}
		{6D1FE94A-0769-61C6-D870-B32919AE3881} = {876880F3-B389-4388-B3A4-00E6F2581D52}
		{AF8E770D-07F7-CD2A-6F59-88A5AC52EC34} = {876880F3-B389-4388-B3A4-00E6F2581D52}
		{1A6EB5BA-2FCD-3056-1C01-FC6FA24EF09C} = {62F4DC79-BE3D-4E60-B402-8D5F9C4BB2D9}
		{60E16A49-06EB-6F80-7228-21A7793B8250} = {62F4DC79-BE3D-4E60-B402-8D5F9C4BB2D9}
		{8C5DFE38-01CC-DF44-54DF-D2D67D5AB30E} = {62F4DC79-BE3D-4E60-B402-8D5F9C4BB2D9}
		{5B0634E5-484B-E9F7-02D5-F97D36BE88EF} = {62F4DC79-BE3D-4E60-B402-8D5F9C4BB2D9}
		{6B77BE88-212C-D04B-3C5A-169E38443777} = {62F4DC79-BE3D-4E60-B402-8D5F9C4BB2D9}
		{A7FE2B30-11F8-E88D-D5BF-AF1B11EFEC8E} = {62F4DC79-BE3D-4E60-B402-8D5F9C4BB2D9}
		{D65E9D81-A7B0-696C-11F1-E923CAD972B3} = {62F4DC79-BE3D-4E60-B402-8D5F9C4BB2D9}
		{F1088B9A-BEE5-CB9D-8B6B-70CE4CAD8E46} = {62F4DC79-BE3D-4E60-B402-8D5F9C4BB2D9}
		{099504A6-0275-8DA3-D52C-06726AD8E77D} = {62F4DC79-BE3D-4E60-B402-8D5F9C4BB2D9}
		{834D4327-7DDF-4D6A-1624-B074700964F0} = {62F4DC79-BE3D-4E60-B402-8D5F9C4BB2D9}
		{52D6F4D3-8AC9-DEA4-1D6F-FAF6943EE3D9} = {62F4DC79-BE3D-4E60-B402-8D5F9C4BB2D9}
	EndGlobalSection
	GlobalSection(ExtensibilityGlobals) = postSolution
		SolutionGuid = {6C1293A1-8EC4-44E8-9EE9-67892696FE26}
	EndGlobalSection
EndGlobal
